// !$*UTF8*$!
{
	archiveVersion = 1;
	classes = {
	};
	objectVersion = 50;
	objects = {

/* Begin PBXBuildFile section */
		3335D6E0254A32A40003ECC6 /* AppDelegate.swift in Sources */ = {isa = PBXBuildFile; fileRef = 3335D6DF254A32A40003ECC6 /* AppDelegate.swift */; };
		3335D6E2254A32A40003ECC6 /* SceneDelegate.swift in Sources */ = {isa = PBXBuildFile; fileRef = 3335D6E1254A32A40003ECC6 /* SceneDelegate.swift */; };
		3335D6E4254A32A40003ECC6 /* ContentView.swift in Sources */ = {isa = PBXBuildFile; fileRef = 3335D6E3254A32A40003ECC6 /* ContentView.swift */; };
		3335D6E6254A32A40003ECC6 /* Assets.xcassets in Resources */ = {isa = PBXBuildFile; fileRef = 3335D6E5254A32A40003ECC6 /* Assets.xcassets */; };
		3335D6E9254A32A40003ECC6 /* Preview Assets.xcassets in Resources */ = {isa = PBXBuildFile; fileRef = 3335D6E8254A32A40003ECC6 /* Preview Assets.xcassets */; };
		3335D6EC254A32A40003ECC6 /* LaunchScreen.storyboard in Resources */ = {isa = PBXBuildFile; fileRef = 3335D6EA254A32A40003ECC6 /* LaunchScreen.storyboard */; };
		3335D6F7254A32A50003ECC6 /* ToDoListTests.swift in Sources */ = {isa = PBXBuildFile; fileRef = 3335D6F6254A32A50003ECC6 /* ToDoListTests.swift */; };
		3335D702254A32A50003ECC6 /* ToDoListUITests.swift in Sources */ = {isa = PBXBuildFile; fileRef = 3335D701254A32A50003ECC6 /* ToDoListUITests.swift */; };
		3335D713254A35AB0003ECC6 /* File.swift in Sources */ = {isa = PBXBuildFile; fileRef = 3335D712254A35AB0003ECC6 /* File.swift */; };
		33DE77B2255A06DB00A56041 /* Localizable.strings in Resources */ = {isa = PBXBuildFile; fileRef = 33DE77B4255A06DB00A56041 /* Localizable.strings */; };
/* End PBXBuildFile section */

/* Begin PBXContainerItemProxy section */
		3335D6F3254A32A50003ECC6 /* PBXContainerItemProxy */ = {
			isa = PBXContainerItemProxy;
			containerPortal = 3335D6D4254A32A40003ECC6 /* Project object */;
			proxyType = 1;
			remoteGlobalIDString = 3335D6DB254A32A40003ECC6;
			remoteInfo = ToDoList;
		};
		3335D6FE254A32A50003ECC6 /* PBXContainerItemProxy */ = {
			isa = PBXContainerItemProxy;
			containerPortal = 3335D6D4254A32A40003ECC6 /* Project object */;
			proxyType = 1;
			remoteGlobalIDString = 3335D6DB254A32A40003ECC6;
			remoteInfo = ToDoList;
		};
/* End PBXContainerItemProxy section */

/* Begin PBXFileReference section */
		3335D6DC254A32A40003ECC6 /* ToDoList.app */ = {isa = PBXFileReference; explicitFileType = wrapper.application; includeInIndex = 0; path = ToDoList.app; sourceTree = BUILT_PRODUCTS_DIR; };
		3335D6DF254A32A40003ECC6 /* AppDelegate.swift */ = {isa = PBXFileReference; lastKnownFileType = sourcecode.swift; path = AppDelegate.swift; sourceTree = "<group>"; };
		3335D6E1254A32A40003ECC6 /* SceneDelegate.swift */ = {isa = PBXFileReference; lastKnownFileType = sourcecode.swift; path = SceneDelegate.swift; sourceTree = "<group>"; };
		3335D6E3254A32A40003ECC6 /* ContentView.swift */ = {isa = PBXFileReference; lastKnownFileType = sourcecode.swift; path = ContentView.swift; sourceTree = "<group>"; };
		3335D6E5254A32A40003ECC6 /* Assets.xcassets */ = {isa = PBXFileReference; lastKnownFileType = folder.assetcatalog; path = Assets.xcassets; sourceTree = "<group>"; };
		3335D6E8254A32A40003ECC6 /* Preview Assets.xcassets */ = {isa = PBXFileReference; lastKnownFileType = folder.assetcatalog; path = "Preview Assets.xcassets"; sourceTree = "<group>"; };
		3335D6EB254A32A40003ECC6 /* Base */ = {isa = PBXFileReference; lastKnownFileType = file.storyboard; name = Base; path = Base.lproj/LaunchScreen.storyboard; sourceTree = "<group>"; };
		3335D6ED254A32A40003ECC6 /* Info.plist */ = {isa = PBXFileReference; lastKnownFileType = text.plist.xml; path = Info.plist; sourceTree = "<group>"; };
		3335D6F2254A32A50003ECC6 /* ToDoListTests.xctest */ = {isa = PBXFileReference; explicitFileType = wrapper.cfbundle; includeInIndex = 0; path = ToDoListTests.xctest; sourceTree = BUILT_PRODUCTS_DIR; };
		3335D6F6254A32A50003ECC6 /* ToDoListTests.swift */ = {isa = PBXFileReference; lastKnownFileType = sourcecode.swift; path = ToDoListTests.swift; sourceTree = "<group>"; };
		3335D6F8254A32A50003ECC6 /* Info.plist */ = {isa = PBXFileReference; lastKnownFileType = text.plist.xml; path = Info.plist; sourceTree = "<group>"; };
		3335D6FD254A32A50003ECC6 /* ToDoListUITests.xctest */ = {isa = PBXFileReference; explicitFileType = wrapper.cfbundle; includeInIndex = 0; path = ToDoListUITests.xctest; sourceTree = BUILT_PRODUCTS_DIR; };
		3335D701254A32A50003ECC6 /* ToDoListUITests.swift */ = {isa = PBXFileReference; lastKnownFileType = sourcecode.swift; path = ToDoListUITests.swift; sourceTree = "<group>"; };
		3335D703254A32A50003ECC6 /* Info.plist */ = {isa = PBXFileReference; lastKnownFileType = text.plist.xml; path = Info.plist; sourceTree = "<group>"; };
		3335D712254A35AB0003ECC6 /* File.swift */ = {isa = PBXFileReference; lastKnownFileType = sourcecode.swift; path = File.swift; sourceTree = "<group>"; };
		33DE77B3255A06DB00A56041 /* en */ = {isa = PBXFileReference; lastKnownFileType = text.plist.strings; name = en; path = en.lproj/Localizable.strings; sourceTree = "<group>"; };
/* End PBXFileReference section */

/* Begin PBXFrameworksBuildPhase section */
		3335D6D9254A32A40003ECC6 /* Frameworks */ = {
			isa = PBXFrameworksBuildPhase;
			buildActionMask = 2147483647;
			files = (
			);
			runOnlyForDeploymentPostprocessing = 0;
		};
		3335D6EF254A32A50003ECC6 /* Frameworks */ = {
			isa = PBXFrameworksBuildPhase;
			buildActionMask = 2147483647;
			files = (
			);
			runOnlyForDeploymentPostprocessing = 0;
		};
		3335D6FA254A32A50003ECC6 /* Frameworks */ = {
			isa = PBXFrameworksBuildPhase;
			buildActionMask = 2147483647;
			files = (
			);
			runOnlyForDeploymentPostprocessing = 0;
		};
/* End PBXFrameworksBuildPhase section */

/* Begin PBXGroup section */
		3335D6D3254A32A40003ECC6 = {
			isa = PBXGroup;
			children = (
				3335D6DE254A32A40003ECC6 /* ToDoList */,
				3335D6F5254A32A50003ECC6 /* ToDoListTests */,
				3335D700254A32A50003ECC6 /* ToDoListUITests */,
				3335D6DD254A32A40003ECC6 /* Products */,
			);
			sourceTree = "<group>";
		};
		3335D6DD254A32A40003ECC6 /* Products */ = {
			isa = PBXGroup;
			children = (
				3335D6DC254A32A40003ECC6 /* ToDoList.app */,
				3335D6F2254A32A50003ECC6 /* ToDoListTests.xctest */,
				3335D6FD254A32A50003ECC6 /* ToDoListUITests.xctest */,
			);
			name = Products;
			sourceTree = "<group>";
		};
		3335D6DE254A32A40003ECC6 /* ToDoList */ = {
			isa = PBXGroup;
			children = (
				3335D6DF254A32A40003ECC6 /* AppDelegate.swift */,
				3335D6E1254A32A40003ECC6 /* SceneDelegate.swift */,
				3335D6E3254A32A40003ECC6 /* ContentView.swift */,
				33DE77B4255A06DB00A56041 /* Localizable.strings */,
				3335D712254A35AB0003ECC6 /* File.swift */,
				3335D6E5254A32A40003ECC6 /* Assets.xcassets */,
				3335D6EA254A32A40003ECC6 /* LaunchScreen.storyboard */,
				3335D6ED254A32A40003ECC6 /* Info.plist */,
				3335D6E7254A32A40003ECC6 /* Preview Content */,
			);
			path = ToDoList;
			sourceTree = "<group>";
		};
		3335D6E7254A32A40003ECC6 /* Preview Content */ = {
			isa = PBXGroup;
			children = (
				3335D6E8254A32A40003ECC6 /* Preview Assets.xcassets */,
			);
			path = "Preview Content";
			sourceTree = "<group>";
		};
		3335D6F5254A32A50003ECC6 /* ToDoListTests */ = {
			isa = PBXGroup;
			children = (
				3335D6F6254A32A50003ECC6 /* ToDoListTests.swift */,
				3335D6F8254A32A50003ECC6 /* Info.plist */,
			);
			path = ToDoListTests;
			sourceTree = "<group>";
		};
		3335D700254A32A50003ECC6 /* ToDoListUITests */ = {
			isa = PBXGroup;
			children = (
				3335D701254A32A50003ECC6 /* ToDoListUITests.swift */,
				3335D703254A32A50003ECC6 /* Info.plist */,
			);
			path = ToDoListUITests;
			sourceTree = "<group>";
		};
/* End PBXGroup section */

/* Begin PBXNativeTarget section */
		3335D6DB254A32A40003ECC6 /* ToDoList */ = {
			isa = PBXNativeTarget;
			buildConfigurationList = 3335D706254A32A50003ECC6 /* Build configuration list for PBXNativeTarget "ToDoList" */;
			buildPhases = (
				3335D6D8254A32A40003ECC6 /* Sources */,
				3335D6D9254A32A40003ECC6 /* Frameworks */,
				3335D6DA254A32A40003ECC6 /* Resources */,
			);
			buildRules = (
			);
			dependencies = (
			);
			name = ToDoList;
			productName = ToDoList;
			productReference = 3335D6DC254A32A40003ECC6 /* ToDoList.app */;
			productType = "com.apple.product-type.application";
		};
		3335D6F1254A32A50003ECC6 /* ToDoListTests */ = {
			isa = PBXNativeTarget;
			buildConfigurationList = 3335D709254A32A50003ECC6 /* Build configuration list for PBXNativeTarget "ToDoListTests" */;
			buildPhases = (
				3335D6EE254A32A50003ECC6 /* Sources */,
				3335D6EF254A32A50003ECC6 /* Frameworks */,
				3335D6F0254A32A50003ECC6 /* Resources */,
			);
			buildRules = (
			);
			dependencies = (
				3335D6F4254A32A50003ECC6 /* PBXTargetDependency */,
			);
			name = ToDoListTests;
			productName = ToDoListTests;
			productReference = 3335D6F2254A32A50003ECC6 /* ToDoListTests.xctest */;
			productType = "com.apple.product-type.bundle.unit-test";
		};
		3335D6FC254A32A50003ECC6 /* ToDoListUITests */ = {
			isa = PBXNativeTarget;
			buildConfigurationList = 3335D70C254A32A50003ECC6 /* Build configuration list for PBXNativeTarget "ToDoListUITests" */;
			buildPhases = (
				3335D6F9254A32A50003ECC6 /* Sources */,
				3335D6FA254A32A50003ECC6 /* Frameworks */,
				3335D6FB254A32A50003ECC6 /* Resources */,
			);
			buildRules = (
			);
			dependencies = (
				3335D6FF254A32A50003ECC6 /* PBXTargetDependency */,
			);
			name = ToDoListUITests;
			productName = ToDoListUITests;
			productReference = 3335D6FD254A32A50003ECC6 /* ToDoListUITests.xctest */;
			productType = "com.apple.product-type.bundle.ui-testing";
		};
/* End PBXNativeTarget section */

/* Begin PBXProject section */
		3335D6D4254A32A40003ECC6 /* Project object */ = {
			isa = PBXProject;
			attributes = {
				LastSwiftUpdateCheck = 1210;
				LastUpgradeCheck = 1210;
				TargetAttributes = {
					3335D6DB254A32A40003ECC6 = {
						CreatedOnToolsVersion = 12.1;
					};
					3335D6F1254A32A50003ECC6 = {
						CreatedOnToolsVersion = 12.1;
						TestTargetID = 3335D6DB254A32A40003ECC6;
					};
					3335D6FC254A32A50003ECC6 = {
						CreatedOnToolsVersion = 12.1;
						TestTargetID = 3335D6DB254A32A40003ECC6;
					};
				};
			};
			buildConfigurationList = 3335D6D7254A32A40003ECC6 /* Build configuration list for PBXProject "ToDoList" */;
			compatibilityVersion = "Xcode 9.3";
			developmentRegion = en;
			hasScannedForEncodings = 0;
			knownRegions = (
				en,
				Base,
			);
			mainGroup = 3335D6D3254A32A40003ECC6;
			productRefGroup = 3335D6DD254A32A40003ECC6 /* Products */;
			projectDirPath = "";
			projectRoot = "";
			targets = (
				3335D6DB254A32A40003ECC6 /* ToDoList */,
				3335D6F1254A32A50003ECC6 /* ToDoListTests */,
				3335D6FC254A32A50003ECC6 /* ToDoListUITests */,
			);
		};
/* End PBXProject section */

/* Begin PBXResourcesBuildPhase section */
		3335D6DA254A32A40003ECC6 /* Resources */ = {
			isa = PBXResourcesBuildPhase;
			buildActionMask = 2147483647;
			files = (
				3335D6EC254A32A40003ECC6 /* LaunchScreen.storyboard in Resources */,
				3335D6E9254A32A40003ECC6 /* Preview Assets.xcassets in Resources */,
				33DE77B2255A06DB00A56041 /* Localizable.strings in Resources */,
				3335D6E6254A32A40003ECC6 /* Assets.xcassets in Resources */,
			);
			runOnlyForDeploymentPostprocessing = 0;
		};
		3335D6F0254A32A50003ECC6 /* Resources */ = {
			isa = PBXResourcesBuildPhase;
			buildActionMask = 2147483647;
			files = (
			);
			runOnlyForDeploymentPostprocessing = 0;
		};
		3335D6FB254A32A50003ECC6 /* Resources */ = {
			isa = PBXResourcesBuildPhase;
			buildActionMask = 2147483647;
			files = (
			);
			runOnlyForDeploymentPostprocessing = 0;
		};
/* End PBXResourcesBuildPhase section */

/* Begin PBXSourcesBuildPhase section */
		3335D6D8254A32A40003ECC6 /* Sources */ = {
			isa = PBXSourcesBuildPhase;
			buildActionMask = 2147483647;
			files = (
				3335D6E0254A32A40003ECC6 /* AppDelegate.swift in Sources */,
				3335D713254A35AB0003ECC6 /* File.swift in Sources */,
				3335D6E2254A32A40003ECC6 /* SceneDelegate.swift in Sources */,
				3335D6E4254A32A40003ECC6 /* ContentView.swift in Sources */,
			);
			runOnlyForDeploymentPostprocessing = 0;
		};
		3335D6EE254A32A50003ECC6 /* Sources */ = {
			isa = PBXSourcesBuildPhase;
			buildActionMask = 2147483647;
			files = (
				3335D6F7254A32A50003ECC6 /* ToDoListTests.swift in Sources */,
			);
			runOnlyForDeploymentPostprocessing = 0;
		};
		3335D6F9254A32A50003ECC6 /* Sources */ = {
			isa = PBXSourcesBuildPhase;
			buildActionMask = 2147483647;
			files = (
				3335D702254A32A50003ECC6 /* ToDoListUITests.swift in Sources */,
			);
			runOnlyForDeploymentPostprocessing = 0;
		};
/* End PBXSourcesBuildPhase section */

/* Begin PBXTargetDependency section */
		3335D6F4254A32A50003ECC6 /* PBXTargetDependency */ = {
			isa = PBXTargetDependency;
			target = 3335D6DB254A32A40003ECC6 /* ToDoList */;
			targetProxy = 3335D6F3254A32A50003ECC6 /* PBXContainerItemProxy */;
		};
		3335D6FF254A32A50003ECC6 /* PBXTargetDependency */ = {
			isa = PBXTargetDependency;
			target = 3335D6DB254A32A40003ECC6 /* ToDoList */;
			targetProxy = 3335D6FE254A32A50003ECC6 /* PBXContainerItemProxy */;
		};
/* End PBXTargetDependency section */

/* Begin PBXVariantGroup section */
		3335D6EA254A32A40003ECC6 /* LaunchScreen.storyboard */ = {
			isa = PBXVariantGroup;
			children = (
				3335D6EB254A32A40003ECC6 /* Base */,
			);
			name = LaunchScreen.storyboard;
			sourceTree = "<group>";
		};
		33DE77B4255A06DB00A56041 /* Localizable.strings */ = {
			isa = PBXVariantGroup;
			children = (
				33DE77B3255A06DB00A56041 /* en */,
			);
			name = Localizable.strings;
			sourceTree = "<group>";
		};
/* End PBXVariantGroup section */

/* Begin XCBuildConfiguration section */
		3335D704254A32A50003ECC6 /* Debug */ = {
			isa = XCBuildConfiguration;
			buildSettings = {
				ALWAYS_SEARCH_USER_PATHS = NO;
				CLANG_ANALYZER_NONNULL = YES;
				CLANG_ANALYZER_NUMBER_OBJECT_CONVERSION = YES_AGGRESSIVE;
				CLANG_CXX_LANGUAGE_STANDARD = "gnu++14";
				CLANG_CXX_LIBRARY = "libc++";
				CLANG_ENABLE_MODULES = YES;
				CLANG_ENABLE_OBJC_ARC = YES;
				CLANG_ENABLE_OBJC_WEAK = YES;
				CLANG_WARN_BLOCK_CAPTURE_AUTORELEASING = YES;
				CLANG_WARN_BOOL_CONVERSION = YES;
				CLANG_WARN_COMMA = YES;
				CLANG_WARN_CONSTANT_CONVERSION = YES;
				CLANG_WARN_DEPRECATED_OBJC_IMPLEMENTATIONS = YES;
				CLANG_WARN_DIRECT_OBJC_ISA_USAGE = YES_ERROR;
				CLANG_WARN_DOCUMENTATION_COMMENTS = YES;
				CLANG_WARN_EMPTY_BODY = YES;
				CLANG_WARN_ENUM_CONVERSION = YES;
				CLANG_WARN_INFINITE_RECURSION = YES;
				CLANG_WARN_INT_CONVERSION = YES;
				CLANG_WARN_NON_LITERAL_NULL_CONVERSION = YES;
				CLANG_WARN_OBJC_IMPLICIT_RETAIN_SELF = YES;
				CLANG_WARN_OBJC_LITERAL_CONVERSION = YES;
				CLANG_WARN_OBJC_ROOT_CLASS = YES_ERROR;
				CLANG_WARN_QUOTED_INCLUDE_IN_FRAMEWORK_HEADER = YES;
				CLANG_WARN_RANGE_LOOP_ANALYSIS = YES;
				CLANG_WARN_STRICT_PROTOTYPES = YES;
				CLANG_WARN_SUSPICIOUS_MOVE = YES;
				CLANG_WARN_UNGUARDED_AVAILABILITY = YES_AGGRESSIVE;
				CLANG_WARN_UNREACHABLE_CODE = YES;
				CLANG_WARN__DUPLICATE_METHOD_MATCH = YES;
				COPY_PHASE_STRIP = NO;
				DEBUG_INFORMATION_FORMAT = dwarf;
				ENABLE_STRICT_OBJC_MSGSEND = YES;
				ENABLE_TESTABILITY = YES;
				GCC_C_LANGUAGE_STANDARD = gnu11;
				GCC_DYNAMIC_NO_PIC = NO;
				GCC_NO_COMMON_BLOCKS = YES;
				GCC_OPTIMIZATION_LEVEL = 0;
				GCC_PREPROCESSOR_DEFINITIONS = (
					"DEBUG=1",
					"$(inherited)",
				);
				GCC_WARN_64_TO_32_BIT_CONVERSION = YES;
				GCC_WARN_ABOUT_RETURN_TYPE = YES_ERROR;
				GCC_WARN_UNDECLARED_SELECTOR = YES;
				GCC_WARN_UNINITIALIZED_AUTOS = YES_AGGRESSIVE;
				GCC_WARN_UNUSED_FUNCTION = YES;
				GCC_WARN_UNUSED_VARIABLE = YES;
				IPHONEOS_DEPLOYMENT_TARGET = 14.1;
				MTL_ENABLE_DEBUG_INFO = INCLUDE_SOURCE;
				MTL_FAST_MATH = YES;
				ONLY_ACTIVE_ARCH = YES;
				SDKROOT = iphoneos;
				SWIFT_ACTIVE_COMPILATION_CONDITIONS = DEBUG;
				SWIFT_OPTIMIZATION_LEVEL = "-Onone";
			};
			name = Debug;
		};
		3335D705254A32A50003ECC6 /* Release */ = {
			isa = XCBuildConfiguration;
			buildSettings = {
				ALWAYS_SEARCH_USER_PATHS = NO;
				CLANG_ANALYZER_NONNULL = YES;
				CLANG_ANALYZER_NUMBER_OBJECT_CONVERSION = YES_AGGRESSIVE;
				CLANG_CXX_LANGUAGE_STANDARD = "gnu++14";
				CLANG_CXX_LIBRARY = "libc++";
				CLANG_ENABLE_MODULES = YES;
				CLANG_ENABLE_OBJC_ARC = YES;
				CLANG_ENABLE_OBJC_WEAK = YES;
				CLANG_WARN_BLOCK_CAPTURE_AUTORELEASING = YES;
				CLANG_WARN_BOOL_CONVERSION = YES;
				CLANG_WARN_COMMA = YES;
				CLANG_WARN_CONSTANT_CONVERSION = YES;
				CLANG_WARN_DEPRECATED_OBJC_IMPLEMENTATIONS = YES;
				CLANG_WARN_DIRECT_OBJC_ISA_USAGE = YES_ERROR;
				CLANG_WARN_DOCUMENTATION_COMMENTS = YES;
				CLANG_WARN_EMPTY_BODY = YES;
				CLANG_WARN_ENUM_CONVERSION = YES;
				CLANG_WARN_INFINITE_RECURSION = YES;
				CLANG_WARN_INT_CONVERSION = YES;
				CLANG_WARN_NON_LITERAL_NULL_CONVERSION = YES;
				CLANG_WARN_OBJC_IMPLICIT_RETAIN_SELF = YES;
				CLANG_WARN_OBJC_LITERAL_CONVERSION = YES;
				CLANG_WARN_OBJC_ROOT_CLASS = YES_ERROR;
				CLANG_WARN_QUOTED_INCLUDE_IN_FRAMEWORK_HEADER = YES;
				CLANG_WARN_RANGE_LOOP_ANALYSIS = YES;
				CLANG_WARN_STRICT_PROTOTYPES = YES;
				CLANG_WARN_SUSPICIOUS_MOVE = YES;
				CLANG_WARN_UNGUARDED_AVAILABILITY = YES_AGGRESSIVE;
				CLANG_WARN_UNREACHABLE_CODE = YES;
				CLANG_WARN__DUPLICATE_METHOD_MATCH = YES;
				COPY_PHASE_STRIP = NO;
				DEBUG_INFORMATION_FORMAT = "dwarf-with-dsym";
				ENABLE_NS_ASSERTIONS = NO;
				ENABLE_STRICT_OBJC_MSGSEND = YES;
				GCC_C_LANGUAGE_STANDARD = gnu11;
				GCC_NO_COMMON_BLOCKS = YES;
				GCC_WARN_64_TO_32_BIT_CONVERSION = YES;
				GCC_WARN_ABOUT_RETURN_TYPE = YES_ERROR;
				GCC_WARN_UNDECLARED_SELECTOR = YES;
				GCC_WARN_UNINITIALIZED_AUTOS = YES_AGGRESSIVE;
				GCC_WARN_UNUSED_FUNCTION = YES;
				GCC_WARN_UNUSED_VARIABLE = YES;
				IPHONEOS_DEPLOYMENT_TARGET = 14.1;
				MTL_ENABLE_DEBUG_INFO = NO;
				MTL_FAST_MATH = YES;
				SDKROOT = iphoneos;
				SWIFT_COMPILATION_MODE = wholemodule;
				SWIFT_OPTIMIZATION_LEVEL = "-O";
				VALIDATE_PRODUCT = YES;
			};
			name = Release;
		};
		3335D707254A32A50003ECC6 /* Debug */ = {
			isa = XCBuildConfiguration;
			buildSettings = {
				ASSETCATALOG_COMPILER_APPICON_NAME = AppIcon;
				ASSETCATALOG_COMPILER_GLOBAL_ACCENT_COLOR_NAME = AccentColor;
				CODE_SIGN_STYLE = Automatic;
				DEVELOPMENT_ASSET_PATHS = "\"ToDoList/Preview Content\"";
				DEVELOPMENT_TEAM = MXJ4XPB9UF;
				ENABLE_PREVIEWS = YES;
				INFOPLIST_FILE = ToDoList/Info.plist;
				LD_RUNPATH_SEARCH_PATHS = (
					"$(inherited)",
					"@executable_path/Frameworks",
				);
				PRODUCT_BUNDLE_IDENTIFIER = com.jangrode.ToDoList;
				PRODUCT_NAME = "$(TARGET_NAME)";
				SWIFT_VERSION = 5.0;
				TARGETED_DEVICE_FAMILY = "1,2";
			};
			name = Debug;
		};
		3335D708254A32A50003ECC6 /* Release */ = {
			isa = XCBuildConfiguration;
			buildSettings = {
				ASSETCATALOG_COMPILER_APPICON_NAME = AppIcon;
				ASSETCATALOG_COMPILER_GLOBAL_ACCENT_COLOR_NAME = AccentColor;
				CODE_SIGN_STYLE = Automatic;
				DEVELOPMENT_ASSET_PATHS = "\"ToDoList/Preview Content\"";
				DEVELOPMENT_TEAM = MXJ4XPB9UF;
				ENABLE_PREVIEWS = YES;
				INFOPLIST_FILE = ToDoList/Info.plist;
				LD_RUNPATH_SEARCH_PATHS = (
					"$(inherited)",
					"@executable_path/Frameworks",
				);
				PRODUCT_BUNDLE_IDENTIFIER = com.jangrode.ToDoList;
				PRODUCT_NAME = "$(TARGET_NAME)";
				SWIFT_VERSION = 5.0;
				TARGETED_DEVICE_FAMILY = "1,2";
			};
			name = Release;
		};
		3335D70A254A32A50003ECC6 /* Debug */ = {
			isa = XCBuildConfiguration;
			buildSettings = {
				ALWAYS_EMBED_SWIFT_STANDARD_LIBRARIES = YES;
				BUNDLE_LOADER = "$(TEST_HOST)";
				CODE_SIGN_STYLE = Automatic;
				DEVELOPMENT_TEAM = MXJ4XPB9UF;
				INFOPLIST_FILE = ToDoListTests/Info.plist;
				IPHONEOS_DEPLOYMENT_TARGET = 14.1;
				LD_RUNPATH_SEARCH_PATHS = (
					"$(inherited)",
					"@executable_path/Frameworks",
					"@loader_path/Frameworks",
				);
				PRODUCT_BUNDLE_IDENTIFIER = com.jangrode.ToDoListTests;
				PRODUCT_NAME = "$(TARGET_NAME)";
				SWIFT_VERSION = 5.0;
				TARGETED_DEVICE_FAMILY = "1,2";
				TEST_HOST = "$(BUILT_PRODUCTS_DIR)/ToDoList.app/ToDoList";
			};
			name = Debug;
		};
		3335D70B254A32A50003ECC6 /* Release */ = {
			isa = XCBuildConfiguration;
			buildSettings = {
				ALWAYS_EMBED_SWIFT_STANDARD_LIBRARIES = YES;
				BUNDLE_LOADER = "$(TEST_HOST)";
				CODE_SIGN_STYLE = Automatic;
				DEVELOPMENT_TEAM = MXJ4XPB9UF;
				INFOPLIST_FILE = ToDoListTests/Info.plist;
				IPHONEOS_DEPLOYMENT_TARGET = 14.1;
				LD_RUNPATH_SEARCH_PATHS = (
					"$(inherited)",
					"@executable_path/Frameworks",
					"@loader_path/Frameworks",
				);
				PRODUCT_BUNDLE_IDENTIFIER = com.jangrode.ToDoListTests;
				PRODUCT_NAME = "$(TARGET_NAME)";
				SWIFT_VERSION = 5.0;
				TARGETED_DEVICE_FAMILY = "1,2";
				TEST_HOST = "$(BUILT_PRODUCTS_DIR)/ToDoList.app/ToDoList";
			};
			name = Release;
		};
		3335D70D254A32A50003ECC6 /* Debug */ = {
			isa = XCBuildConfiguration;
			buildSettings = {
				ALWAYS_EMBED_SWIFT_STANDARD_LIBRARIES = YES;
				CODE_SIGN_STYLE = Automatic;
				DEVELOPMENT_TEAM = MXJ4XPB9UF;
				INFOPLIST_FILE = ToDoListUITests/Info.plist;
				LD_RUNPATH_SEARCH_PATHS = (
					"$(inherited)",
					"@executable_path/Frameworks",
					"@loader_path/Frameworks",
				);
				PRODUCT_BUNDLE_IDENTIFIER = com.jangrode.ToDoListUITests;
				PRODUCT_NAME = "$(TARGET_NAME)";
				SWIFT_VERSION = 5.0;
				TARGETED_DEVICE_FAMILY = "1,2";
				TEST_TARGET_NAME = ToDoList;
			};
			name = Debug;
		};
		3335D70E254A32A50003ECC6 /* Release */ = {
			isa = XCBuildConfiguration;
			buildSettings = {
				ALWAYS_EMBED_SWIFT_STANDARD_LIBRARIES = YES;
				CODE_SIGN_STYLE = Automatic;
				DEVELOPMENT_TEAM = MXJ4XPB9UF;
				INFOPLIST_FILE = ToDoListUITests/Info.plist;
				LD_RUNPATH_SEARCH_PATHS = (
					"$(inherited)",
					"@executable_path/Frameworks",
					"@loader_path/Frameworks",
				);
				PRODUCT_BUNDLE_IDENTIFIER = com.jangrode.ToDoListUITests;
				PRODUCT_NAME = "$(TARGET_NAME)";
				SWIFT_VERSION = 5.0;
				TARGETED_DEVICE_FAMILY = "1,2";
				TEST_TARGET_NAME = ToDoList;
			};
			name = Release;
		};
/* End XCBuildConfiguration section */

/* Begin XCConfigurationList section */
		3335D6D7254A32A40003ECC6 /* Build configuration list for PBXProject "ToDoList" */ = {
			isa = XCConfigurationList;
			buildConfigurations = (
				3335D704254A32A50003ECC6 /* Debug */,
				3335D705254A32A50003ECC6 /* Release */,
			);
			defaultConfigurationIsVisible = 0;
			defaultConfigurationName = Release;
		};
		3335D706254A32A50003ECC6 /* Build configuration list for PBXNativeTarget "ToDoList" */ = {
			isa = XCConfigurationList;
			buildConfigurations = (
				3335D707254A32A50003ECC6 /* Debug */,
				3335D708254A32A50003ECC6 /* Release */,
			);
			defaultConfigurationIsVisible = 0;
			defaultConfigurationName = Release;
		};
		3335D709254A32A50003ECC6 /* Build configuration list for PBXNativeTarget "ToDoListTests" */ = {
			isa = XCConfigurationList;
			buildConfigurations = (
				3335D70A254A32A50003ECC6 /* Debug */,
				3335D70B254A32A50003ECC6 /* Release */,
			);
			defaultConfigurationIsVisible = 0;
			defaultConfigurationName = Release;
		};
		3335D70C254A32A50003ECC6 /* Build configuration list for PBXNativeTarget "ToDoListUITests" */ = {
			isa = XCConfigurationList;
			buildConfigurations = (
				3335D70D254A32A50003ECC6 /* Debug */,
				3335D70E254A32A50003ECC6 /* Release */,
			);
			defaultConfigurationIsVisible = 0;
			defaultConfigurationName = Release;
		};
/* End XCConfigurationList section */
	};
	rootObject = 3335D6D4254A32A40003ECC6 /* Project object */;
}
